# This file is automatically @generated by Poetry 1.7.1 and should not be changed by hand.

[[package]]
name = "stockfish"
version = "3.28.0"
description = "Wraps the open-source Stockfish chess engine for easy integration into python."
optional = false
python-versions = ">=3.7"
files = [
    {file = "stockfish-3.28.0-py3-none-any.whl", hash = "sha256:e432e57112448fe1271dff402db3a4747bf00d1721815ce0a36cfa26582cf360"},
    {file = "stockfish-3.28.0.tar.gz", hash = "sha256:8764127c00434aa85b7fca1c064800e7ea907bb3626ccd4b583f0e911b014070"},
]

[metadata]
lock-version = "2.0"
python-versions = "^3.10"
content-hash = "85c0a6a358e117beac6f9cdb84c7ed8b064ad7a62dd84b8eb38c9f2497adeccb"
