# This file is automatically @generated by Poetry 1.8.1 and should not be changed by hand.

[[package]]
name = "chess"
version = "1.10.0"
description = "A chess library with move generation and validation, Polyglot opening book probing, PGN reading and writing, Gaviota tablebase probing, Syzygy tablebase probing, and XBoard/UCI engine communication."
optional = false
python-versions = ">=3.7"
files = [
    {file = "chess-1.10.0-py3-none-any.whl", hash = "sha256:48ff7c084a370811819cfc753c2ee159942356ada70824666bd01ee3fca170d0"},
    {file = "chess-1.10.0.tar.gz", hash = "sha256:bccde105f54aa436e899f92b4ba953731c65012a863fd9235683d0e2863ccd54"},
]

[[package]]
name = "stockfish"
version = "3.28.0"
description = "Wraps the open-source Stockfish chess engine for easy integration into python."
optional = false
python-versions = ">=3.7"
files = [
    {file = "stockfish-3.28.0-py3-none-any.whl", hash = "sha256:e432e57112448fe1271dff402db3a4747bf00d1721815ce0a36cfa26582cf360"},
    {file = "stockfish-3.28.0.tar.gz", hash = "sha256:8764127c00434aa85b7fca1c064800e7ea907bb3626ccd4b583f0e911b014070"},
]

[metadata]
lock-version = "2.0"
python-versions = "^3.8"
content-hash = "df7303fbf4c2374ee8ed498162996dab3af3daad0ecda0ccf7f835995e6314d8"
